
Microsoft Visual Studio Solution File, Format Version 12.00
# Visual Studio 2012
Project("{FAE04EC0-301F-11D3-BF4B-00C04F79EFBC}") = "TKMW.AzureCoreFizzBuzz", "AzureCoreFizzBuzz\TKMW.AzureCoreFizzBuzz.csproj", "{18B45AD4-0EE8-4077-B263-A83A52755122}"
EndProject
Project("{FAE04EC0-301F-11D3-BF4B-00C04F79EFBC}") = "TKMW.AzureCoreFizzBuzz.Interfaces", "TKMW.AzureCoreFizzBuzz.Interfaces\TKMW.AzureCoreFizzBuzz.Interfaces.csproj", "{EAF9FF99-1658-4DFA-8EB1-FD3617F730E7}"
EndProject
Project("{FAE04EC0-301F-11D3-BF4B-00C04F79EFBC}") = "TKMW.AzureCoreFizzBuzz.NumberProviders", "TKMW.AzureCoreFizzBuzz.NumberProviders\TKMW.AzureCoreFizzBuzz.NumberProviders.csproj", "{2EDE4B15-91A3-4A9F-BBED-2ABD728829B3}"
EndProject
Project("{FAE04EC0-301F-11D3-BF4B-00C04F79EFBC}") = "TKMW.AzureCoreFizzBuzz.NumberHandlers", "TKMW.AzureCoreFizzBuzz.NumberHandlers\TKMW.AzureCoreFizzBuzz.NumberHandlers.csproj", "{FD357C6D-F68B-475D-A35F-9DF8C931BAD9}"
EndProject
Project("{FAE04EC0-301F-11D3-BF4B-00C04F79EFBC}") = "TKMW.AzureCoreFizzBuzz.OutputHandlers", "TKMW.AzureCoreFizzBuzz.OutputHandlers\TKMW.AzureCoreFizzBuzz.OutputHandlers.csproj", "{967817D2-5B26-45BC-B17F-72E325680389}"
EndProject
Global
	GlobalSection(SolutionConfigurationPlatforms) = preSolution
		Debug|Any CPU = Debug|Any CPU
		Release|Any CPU = Release|Any CPU
	EndGlobalSection
	GlobalSection(ProjectConfigurationPlatforms) = postSolution
		{18B45AD4-0EE8-4077-B263-A83A52755122}.Debug|Any CPU.ActiveCfg = Debug|Any CPU
		{18B45AD4-0EE8-4077-B263-A83A52755122}.Debug|Any CPU.Build.0 = Debug|Any CPU
		{18B45AD4-0EE8-4077-B263-A83A52755122}.Release|Any CPU.ActiveCfg = Release|Any CPU
		{18B45AD4-0EE8-4077-B263-A83A52755122}.Release|Any CPU.Build.0 = Release|Any CPU
		{EAF9FF99-1658-4DFA-8EB1-FD3617F730E7}.Debug|Any CPU.ActiveCfg = Debug|Any CPU
		{EAF9FF99-1658-4DFA-8EB1-FD3617F730E7}.Debug|Any CPU.Build.0 = Debug|Any CPU
		{EAF9FF99-1658-4DFA-8EB1-FD3617F730E7}.Release|Any CPU.ActiveCfg = Release|Any CPU
		{EAF9FF99-1658-4DFA-8EB1-FD3617F730E7}.Release|Any CPU.Build.0 = Release|Any CPU
		{2EDE4B15-91A3-4A9F-BBED-2ABD728829B3}.Debug|Any CPU.ActiveCfg = Debug|Any CPU
		{2EDE4B15-91A3-4A9F-BBED-2ABD728829B3}.Debug|Any CPU.Build.0 = Debug|Any CPU
		{2EDE4B15-91A3-4A9F-BBED-2ABD728829B3}.Release|Any CPU.ActiveCfg = Release|Any CPU
		{2EDE4B15-91A3-4A9F-BBED-2ABD728829B3}.Release|Any CPU.Build.0 = Release|Any CPU
		{FD357C6D-F68B-475D-A35F-9DF8C931BAD9}.Debug|Any CPU.ActiveCfg = Debug|Any CPU
		{FD357C6D-F68B-475D-A35F-9DF8C931BAD9}.Debug|Any CPU.Build.0 = Debug|Any CPU
		{FD357C6D-F68B-475D-A35F-9DF8C931BAD9}.Release|Any CPU.ActiveCfg = Release|Any CPU
		{FD357C6D-F68B-475D-A35F-9DF8C931BAD9}.Release|Any CPU.Build.0 = Release|Any CPU
		{967817D2-5B26-45BC-B17F-72E325680389}.Debug|Any CPU.ActiveCfg = Debug|Any CPU
		{967817D2-5B26-45BC-B17F-72E325680389}.Debug|Any CPU.Build.0 = Debug|Any CPU
		{967817D2-5B26-45BC-B17F-72E325680389}.Release|Any CPU.ActiveCfg = Release|Any CPU
		{967817D2-5B26-45BC-B17F-72E325680389}.Release|Any CPU.Build.0 = Release|Any CPU
	EndGlobalSection
EndGlobal
